
Microsoft Visual Studio Solution File, Format Version 12.00
# Visual Studio Version 17
VisualStudioVersion = 17.11.35312.102
MinimumVisualStudioVersion = 10.0.40219.1
Project("{FAE04EC0-301F-11D3-BF4B-00C04F79EFBC}") = "KimMilyonerOlmakIster", "KimMilyonerOlmakIster\KimMilyonerOlmakIster.csproj", "{5F58C63D-AA49-4C87-8B0A-B3C382E6D944}"
EndProject
Global
	GlobalSection(SolutionConfigurationPlatforms) = preSolution
		Debug|Any CPU = Debug|Any CPU
		Release|Any CPU = Release|Any CPU
	EndGlobalSection
	GlobalSection(ProjectConfigurationPlatforms) = postSolution
		{5F58C63D-AA49-4C87-8B0A-B3C382E6D944}.Debug|Any CPU.ActiveCfg = Debug|Any CPU
		{5F58C63D-AA49-4C87-8B0A-B3C382E6D944}.Debug|Any CPU.Build.0 = Debug|Any CPU
		{5F58C63D-AA49-4C87-8B0A-B3C382E6D944}.Release|Any CPU.ActiveCfg = Release|Any CPU
		{5F58C63D-AA49-4C87-8B0A-B3C382E6D944}.Release|Any CPU.Build.0 = Release|Any CPU
	EndGlobalSection
	GlobalSection(SolutionProperties) = preSolution
		HideSolutionNode = FALSE
	EndGlobalSection
	GlobalSection(ExtensibilityGlobals) = postSolution
		SolutionGuid = {82E54389-B938-43F6-A12A-2FA3C8989F50}
	EndGlobalSection
EndGlobal
